
Microsoft Visual Studio Solution File, Format Version 12.00
# Visual Studio 15
VisualStudioVersion = 15.0.27130.2036
MinimumVisualStudioVersion = 10.0.40219.1
Project("{9A19103F-16F7-4668-BE54-9A1E7A4F7556}") = "Weatley.DataAccess", "Weatley.DataAccess\Weatley.DataAccess.csproj", "{6AAF715F-CEA4-4E89-ADA9-62F40C55BB6B}"
EndProject
Project("{9A19103F-16F7-4668-BE54-9A1E7A4F7556}") = "Weatley.Model", "Weatley.Model\Weatley.Model.csproj", "{9274B9FD-1338-415D-9E8B-BA104CD06BD7}"
EndProject
Project("{9A19103F-16F7-4668-BE54-9A1E7A4F7556}") = "Weatley.API", "Weatley.API\Weatley.API.csproj", "{6801E44E-8FAE-4159-89F5-57AC7DA4FD2D}"
EndProject
Global
	GlobalSection(SolutionConfigurationPlatforms) = preSolution
		Debug|Any CPU = Debug|Any CPU
		Release|Any CPU = Release|Any CPU
	EndGlobalSection
	GlobalSection(ProjectConfigurationPlatforms) = postSolution
		{6AAF715F-CEA4-4E89-ADA9-62F40C55BB6B}.Debug|Any CPU.ActiveCfg = Debug|Any CPU
		{6AAF715F-CEA4-4E89-ADA9-62F40C55BB6B}.Debug|Any CPU.Build.0 = Debug|Any CPU
		{6AAF715F-CEA4-4E89-ADA9-62F40C55BB6B}.Release|Any CPU.ActiveCfg = Release|Any CPU
		{6AAF715F-CEA4-4E89-ADA9-62F40C55BB6B}.Release|Any CPU.Build.0 = Release|Any CPU
		{9274B9FD-1338-415D-9E8B-BA104CD06BD7}.Debug|Any CPU.ActiveCfg = Debug|Any CPU
		{9274B9FD-1338-415D-9E8B-BA104CD06BD7}.Debug|Any CPU.Build.0 = Debug|Any CPU
		{9274B9FD-1338-415D-9E8B-BA104CD06BD7}.Release|Any CPU.ActiveCfg = Release|Any CPU
		{9274B9FD-1338-415D-9E8B-BA104CD06BD7}.Release|Any CPU.Build.0 = Release|Any CPU
		{6801E44E-8FAE-4159-89F5-57AC7DA4FD2D}.Debug|Any CPU.ActiveCfg = Debug|Any CPU
		{6801E44E-8FAE-4159-89F5-57AC7DA4FD2D}.Debug|Any CPU.Build.0 = Debug|Any CPU
		{6801E44E-8FAE-4159-89F5-57AC7DA4FD2D}.Release|Any CPU.ActiveCfg = Release|Any CPU
		{6801E44E-8FAE-4159-89F5-57AC7DA4FD2D}.Release|Any CPU.Build.0 = Release|Any CPU
	EndGlobalSection
	GlobalSection(SolutionProperties) = preSolution
		HideSolutionNode = FALSE
	EndGlobalSection
	GlobalSection(ExtensibilityGlobals) = postSolution
		SolutionGuid = {2E05A491-7F1A-46D5-AB7E-285214C70120}
	EndGlobalSection
EndGlobal
